// !$*UTF8*$!
{
	archiveVersion = 1;
	classes = {
	};
	objectVersion = 56;
	objects = {

/* Begin PBXBuildFile section */
		3DA15FB52F537A45004D38F5 /* GRDB in Frameworks */ = {isa = PBXBuildFile; productRef = 3DA15FB42F537A45004D38F5 /* GRDB */; };
		83CBBA111A601CBA00E9B192 /* NerfJournalApp.swift in Sources */ = {isa = PBXBuildFile; fileRef = 83CBBA071A601CBA00E9B192 /* NerfJournalApp.swift */; };
		83CBBA141A601CBA00E9B192 /* Assets.xcassets in Resources */ = {isa = PBXBuildFile; fileRef = 83CBBA0C1A601CBA00E9B192 /* Assets.xcassets */; };
		83CBBA161A601CBA00E9B192 /* AppDatabase.swift in Sources */ = {isa = PBXBuildFile; fileRef = 83CBBA1E1A601CBA00E9B192 /* AppDatabase.swift */; };
		83CBBA171A601CBA00E9B192 /* Models.swift in Sources */ = {isa = PBXBuildFile; fileRef = 83CBBA1F1A601CBA00E9B192 /* Models.swift */; };
		83CBBA181A601CBA00E9B192 /* LocalJournalStore.swift in Sources */ = {isa = PBXBuildFile; fileRef = 83CBBA201A601CBA00E9B192 /* LocalJournalStore.swift */; };
		83CBBA191A601CBA00E9B192 /* DiaryStore.swift in Sources */ = {isa = PBXBuildFile; fileRef = 83CBBA211A601CBA00E9B192 /* DiaryStore.swift */; };
		83CBBA1A1A601CBA00E9B192 /* DiaryView.swift in Sources */ = {isa = PBXBuildFile; fileRef = 83CBBA221A601CBA00E9B192 /* DiaryView.swift */; };
		83CBBA1B1A601CBA00E9B192 /* DebugCommands.swift in Sources */ = {isa = PBXBuildFile; fileRef = 83CBBA231A601CBA00E9B192 /* DebugCommands.swift */; };
		83CBBA1C1A601CBA00E9B192 /* BundleStore.swift in Sources */ = {isa = PBXBuildFile; fileRef = 83CBBA241A601CBA00E9B192 /* BundleStore.swift */; };
		83CBBA1D1A601CBA00E9B192 /* BundleManagerView.swift in Sources */ = {isa = PBXBuildFile; fileRef = 83CBBA251A601CBA00E9B192 /* BundleManagerView.swift */; };
		83CBBA261A601CBA00E9B192 /* CategoryStore.swift in Sources */ = {isa = PBXBuildFile; fileRef = 83CBBA271A601CBA00E9B192 /* CategoryStore.swift */; };
/* End PBXBuildFile section */

/* Begin PBXFileReference section */
		83CBBA061A601CBA00E9B192 /* NerfJournal.app */ = {isa = PBXFileReference; explicitFileType = wrapper.application; includeInIndex = 0; path = NerfJournal.app; sourceTree = BUILT_PRODUCTS_DIR; };
		83CBBA071A601CBA00E9B192 /* NerfJournalApp.swift */ = {isa = PBXFileReference; lastKnownFileType = sourcecode.swift; path = NerfJournalApp.swift; sourceTree = "<group>"; };
		83CBBA0C1A601CBA00E9B192 /* Assets.xcassets */ = {isa = PBXFileReference; lastKnownFileType = folder.assetcatalog; path = Assets.xcassets; sourceTree = "<group>"; };
		83CBBA0D1A601CBA00E9B192 /* NerfJournal.entitlements */ = {isa = PBXFileReference; lastKnownFileType = text.plist.entitlements; path = NerfJournal.entitlements; sourceTree = "<group>"; };
		83CBBA1E1A601CBA00E9B192 /* AppDatabase.swift */ = {isa = PBXFileReference; lastKnownFileType = sourcecode.swift; path = AppDatabase.swift; sourceTree = "<group>"; };
		83CBBA1F1A601CBA00E9B192 /* Models.swift */ = {isa = PBXFileReference; lastKnownFileType = sourcecode.swift; path = Models.swift; sourceTree = "<group>"; };
		83CBBA201A601CBA00E9B192 /* LocalJournalStore.swift */ = {isa = PBXFileReference; lastKnownFileType = sourcecode.swift; path = LocalJournalStore.swift; sourceTree = "<group>"; };
		83CBBA211A601CBA00E9B192 /* DiaryStore.swift */ = {isa = PBXFileReference; lastKnownFileType = sourcecode.swift; path = DiaryStore.swift; sourceTree = "<group>"; };
		83CBBA221A601CBA00E9B192 /* DiaryView.swift */ = {isa = PBXFileReference; lastKnownFileType = sourcecode.swift; path = DiaryView.swift; sourceTree = "<group>"; };
		83CBBA231A601CBA00E9B192 /* DebugCommands.swift */ = {isa = PBXFileReference; lastKnownFileType = sourcecode.swift; path = DebugCommands.swift; sourceTree = "<group>"; };
		83CBBA241A601CBA00E9B192 /* BundleStore.swift */ = {isa = PBXFileReference; lastKnownFileType = sourcecode.swift; path = BundleStore.swift; sourceTree = "<group>"; };
		83CBBA251A601CBA00E9B192 /* BundleManagerView.swift */ = {isa = PBXFileReference; lastKnownFileType = sourcecode.swift; path = BundleManagerView.swift; sourceTree = "<group>"; };
		83CBBA271A601CBA00E9B192 /* CategoryStore.swift */ = {isa = PBXFileReference; lastKnownFileType = sourcecode.swift; path = CategoryStore.swift; sourceTree = "<group>"; };
/* End PBXFileReference section */

/* Begin PBXFrameworksBuildPhase section */
		83CBBA0F1A601CBA00E9B192 /* Frameworks */ = {
			isa = PBXFrameworksBuildPhase;
			buildActionMask = 2147483647;
			files = (
				3DA15FB52F537A45004D38F5 /* GRDB in Frameworks */,
			);
			runOnlyForDeploymentPostprocessing = 0;
		};
/* End PBXFrameworksBuildPhase section */

/* Begin PBXGroup section */
		83CBB9F81A601CBA00E9B192 = {
			isa = PBXGroup;
			children = (
				83CBBA0A1A601CBA00E9B192 /* NerfJournal */,
				83CBBA0B1A601CBA00E9B192 /* Products */,
			);
			sourceTree = "<group>";
		};
		83CBBA0A1A601CBA00E9B192 /* NerfJournal */ = {
			isa = PBXGroup;
			children = (
				83CBBA071A601CBA00E9B192 /* NerfJournalApp.swift */,
				83CBBA1E1A601CBA00E9B192 /* AppDatabase.swift */,
				83CBBA1F1A601CBA00E9B192 /* Models.swift */,
				83CBBA201A601CBA00E9B192 /* LocalJournalStore.swift */,
				83CBBA211A601CBA00E9B192 /* DiaryStore.swift */,
				83CBBA221A601CBA00E9B192 /* DiaryView.swift */,
				83CBBA231A601CBA00E9B192 /* DebugCommands.swift */,
				83CBBA241A601CBA00E9B192 /* BundleStore.swift */,
				83CBBA251A601CBA00E9B192 /* BundleManagerView.swift */,
				83CBBA271A601CBA00E9B192 /* CategoryStore.swift */,
				83CBBA0C1A601CBA00E9B192 /* Assets.xcassets */,
				83CBBA0D1A601CBA00E9B192 /* NerfJournal.entitlements */,
			);
			path = NerfJournal;
			sourceTree = "<group>";
		};
		83CBBA0B1A601CBA00E9B192 /* Products */ = {
			isa = PBXGroup;
			children = (
				83CBBA061A601CBA00E9B192 /* NerfJournal.app */,
			);
			name = Products;
			sourceTree = "<group>";
		};
/* End PBXGroup section */

/* Begin PBXNativeTarget section */
		83CBBA001A601CBA00E9B192 /* NerfJournal */ = {
			isa = PBXNativeTarget;
			buildConfigurationList = 83CBBA011A601CBA00E9B192 /* Build configuration list for PBXNativeTarget "NerfJournal" */;
			buildPhases = (
				83CBBA0E1A601CBA00E9B192 /* Sources */,
				83CBBA0F1A601CBA00E9B192 /* Frameworks */,
				83CBBA101A601CBA00E9B192 /* Resources */,
			);
			buildRules = (
			);
			dependencies = (
			);
			name = NerfJournal;
			productName = NerfJournal;
			productReference = 83CBBA061A601CBA00E9B192 /* NerfJournal.app */;
			productType = "com.apple.product-type.application";
		};
/* End PBXNativeTarget section */

/* Begin PBXProject section */
		83CBB9F71A601CBA00E9B192 /* Project object */ = {
			isa = PBXProject;
			attributes = {
				BuildIndependentTargetsInParallel = 1;
				LastSwiftUpdateCheck = 1540;
				LastUpgradeCheck = 2620;
				TargetAttributes = {
					83CBBA001A601CBA00E9B192 = {
						CreatedOnToolsVersion = 15.4;
					};
				};
			};
			buildConfigurationList = 83CBB9F91A601CBA00E9B192 /* Build configuration list for PBXProject "NerfJournal" */;
			compatibilityVersion = "Xcode 14.0";
			developmentRegion = en;
			hasScannedForEncodings = 0;
			knownRegions = (
				en,
				Base,
			);
			mainGroup = 83CBB9F81A601CBA00E9B192;
			packageReferences = (
				3DA15FB32F537A45004D38F5 /* XCRemoteSwiftPackageReference "GRDB" */,
			);
			productRefGroup = 83CBBA0B1A601CBA00E9B192 /* Products */;
			projectDirPath = "";
			projectRoot = "";
			targets = (
				83CBBA001A601CBA00E9B192 /* NerfJournal */,
			);
		};
/* End PBXProject section */

/* Begin PBXResourcesBuildPhase section */
		83CBBA101A601CBA00E9B192 /* Resources */ = {
			isa = PBXResourcesBuildPhase;
			buildActionMask = 2147483647;
			files = (
				83CBBA141A601CBA00E9B192 /* Assets.xcassets in Resources */,
			);
			runOnlyForDeploymentPostprocessing = 0;
		};
/* End PBXResourcesBuildPhase section */

/* Begin PBXSourcesBuildPhase section */
		83CBBA0E1A601CBA00E9B192 /* Sources */ = {
			isa = PBXSourcesBuildPhase;
			buildActionMask = 2147483647;
			files = (
				83CBBA111A601CBA00E9B192 /* NerfJournalApp.swift in Sources */,
				83CBBA161A601CBA00E9B192 /* AppDatabase.swift in Sources */,
				83CBBA171A601CBA00E9B192 /* Models.swift in Sources */,
				83CBBA181A601CBA00E9B192 /* LocalJournalStore.swift in Sources */,
				83CBBA191A601CBA00E9B192 /* DiaryStore.swift in Sources */,
				83CBBA1A1A601CBA00E9B192 /* DiaryView.swift in Sources */,
				83CBBA1B1A601CBA00E9B192 /* DebugCommands.swift in Sources */,
				83CBBA1C1A601CBA00E9B192 /* BundleStore.swift in Sources */,
				83CBBA1D1A601CBA00E9B192 /* BundleManagerView.swift in Sources */,
				83CBBA261A601CBA00E9B192 /* CategoryStore.swift in Sources */,
			);
			runOnlyForDeploymentPostprocessing = 0;
		};
/* End PBXSourcesBuildPhase section */

/* Begin XCBuildConfiguration section */
		83CBBA021A601CBA00E9B192 /* Debug */ = {
			isa = XCBuildConfiguration;
			buildSettings = {
				ALWAYS_SEARCH_USER_PATHS = NO;
				CLANG_ANALYZER_NONNULL = YES;
				CLANG_ENABLE_MODULES = YES;
				CLANG_ENABLE_OBJC_ARC = YES;
				CLANG_ENABLE_OBJC_WEAK = YES;
				CLANG_WARN_BLOCK_CAPTURE_AUTORELEASING = YES;
				CLANG_WARN_BOOL_CONVERSION = YES;
				CLANG_WARN_COMMA = YES;
				CLANG_WARN_CONSTANT_CONVERSION = YES;
				CLANG_WARN_DEPRECATED_OBJC_IMPLEMENTATIONS = YES;
				CLANG_WARN_DIRECT_OBJC_IVAR_ACCESS = YES;
				CLANG_WARN_EMPTY_BODY = YES;
				CLANG_WARN_ENUM_CONVERSION = YES;
				CLANG_WARN_INFINITE_RECURSION = YES;
				CLANG_WARN_INT_CONVERSION = YES;
				CLANG_WARN_NON_LITERAL_NULL_CONVERSION = YES;
				CLANG_WARN_OBJC_IMPLICIT_RETAIN_SELF = YES;
				CLANG_WARN_OBJC_LITERAL_CONVERSION = YES;
				CLANG_WARN_QUOTED_INCLUDE_IN_FRAMEWORK_HEADER = YES;
				CLANG_WARN_RANGE_LOOP_ANALYSIS = YES;
				CLANG_WARN_STRICT_PROTOTYPES = YES;
				CLANG_WARN_SUSPICIOUS_MOVE = YES;
				CLANG_WARN_UNINITIALIZED = YES;
				CLANG_WARN_UNREACHABLE_CODE = YES;
				CLANG_WARN__DUPLICATE_METHOD_MATCH = YES;
				COPY_PHASE_STRIP = NO;
				DEAD_CODE_STRIPPING = YES;
				DEBUG_INFORMATION_FORMAT = dwarf;
				ENABLE_STRICT_OBJC_MSGSEND = YES;
				ENABLE_TESTABILITY = YES;
				ENABLE_USER_SCRIPT_SANDBOXING = YES;
				GCC_C_LANGUAGE_STANDARD = gnu17;
				GCC_DYNAMIC_NO_PIC = NO;
				GCC_NO_COMMON_BLOCKS = YES;
				GCC_OPTIMIZATION_LEVEL = 0;
				GCC_PREPROCESSOR_DEFINITIONS = (
					"DEBUG=1",
					"$(inherited)",
				);
				GCC_WARN_64_TO_32_BIT_CONVERSION = YES;
				GCC_WARN_ABOUT_RETURN_TYPE = YES_ERROR;
				GCC_WARN_UNDECLARED_SELECTOR = YES;
				GCC_WARN_UNINITIALIZED_AUTOS = YES_AGGRESSIVE;
				GCC_WARN_UNUSED_FUNCTION = YES;
				GCC_WARN_UNUSED_VARIABLE = YES;
				MACOSX_DEPLOYMENT_TARGET = 14.0;
				MTL_ENABLE_DEBUG_INFO = INCLUDE_SOURCE;
				MTL_FAST_MATH = YES;
				ONLY_ACTIVE_ARCH = YES;
				SDKROOT = macosx;
				STRING_CATALOG_GENERATE_SYMBOLS = YES;
				SWIFT_ACTIVE_COMPILATION_CONDITIONS = "DEBUG $(inherited)";
				SWIFT_OPTIMIZATION_LEVEL = "-Onone";
			};
			name = Debug;
		};
		83CBBA031A601CBA00E9B192 /* Release */ = {
			isa = XCBuildConfiguration;
			buildSettings = {
				ALWAYS_SEARCH_USER_PATHS = NO;
				CLANG_ANALYZER_NONNULL = YES;
				CLANG_ENABLE_MODULES = YES;
				CLANG_ENABLE_OBJC_ARC = YES;
				CLANG_ENABLE_OBJC_WEAK = YES;
				CLANG_WARN_BLOCK_CAPTURE_AUTORELEASING = YES;
				CLANG_WARN_BOOL_CONVERSION = YES;
				CLANG_WARN_COMMA = YES;
				CLANG_WARN_CONSTANT_CONVERSION = YES;
				CLANG_WARN_DEPRECATED_OBJC_IMPLEMENTATIONS = YES;
				CLANG_WARN_DIRECT_OBJC_IVAR_ACCESS = YES;
				CLANG_WARN_EMPTY_BODY = YES;
				CLANG_WARN_ENUM_CONVERSION = YES;
				CLANG_WARN_INFINITE_RECURSION = YES;
				CLANG_WARN_INT_CONVERSION = YES;
				CLANG_WARN_NON_LITERAL_NULL_CONVERSION = YES;
				CLANG_WARN_OBJC_IMPLICIT_RETAIN_SELF = YES;
				CLANG_WARN_OBJC_LITERAL_CONVERSION = YES;
				CLANG_WARN_QUOTED_INCLUDE_IN_FRAMEWORK_HEADER = YES;
				CLANG_WARN_RANGE_LOOP_ANALYSIS = YES;
				CLANG_WARN_STRICT_PROTOTYPES = YES;
				CLANG_WARN_SUSPICIOUS_MOVE = YES;
				CLANG_WARN_UNINITIALIZED = YES;
				CLANG_WARN_UNREACHABLE_CODE = YES;
				CLANG_WARN__DUPLICATE_METHOD_MATCH = YES;
				COPY_PHASE_STRIP = NO;
				DEAD_CODE_STRIPPING = YES;
				DEBUG_INFORMATION_FORMAT = "dwarf-with-dsym";
				ENABLE_NS_ASSERTIONS = NO;
				ENABLE_STRICT_OBJC_MSGSEND = YES;
				ENABLE_USER_SCRIPT_SANDBOXING = YES;
				GCC_C_LANGUAGE_STANDARD = gnu17;
				GCC_NO_COMMON_BLOCKS = YES;
				GCC_WARN_64_TO_32_BIT_CONVERSION = YES;
				GCC_WARN_ABOUT_RETURN_TYPE = YES_ERROR;
				GCC_WARN_UNDECLARED_SELECTOR = YES;
				GCC_WARN_UNINITIALIZED_AUTOS = YES_AGGRESSIVE;
				GCC_WARN_UNUSED_FUNCTION = YES;
				GCC_WARN_UNUSED_VARIABLE = YES;
				MACOSX_DEPLOYMENT_TARGET = 14.0;
				MTL_FAST_MATH = YES;
				SDKROOT = macosx;
				STRING_CATALOG_GENERATE_SYMBOLS = YES;
				SWIFT_COMPILATION_MODE = wholemodule;
			};
			name = Release;
		};
		83CBBA041A601CBA00E9B192 /* Debug */ = {
			isa = XCBuildConfiguration;
			buildSettings = {
				ASSETCATALOG_COMPILER_APPICON_NAME = AppIcon;
				ASSETCATALOG_COMPILER_GLOBAL_ACCENT_COLOR_NAME = AccentColor;
				ASSETCATALOG_COMPILER_INCLUDE_ALL_APPICON_ASSETS = YES;
				CODE_SIGN_ENTITLEMENTS = NerfJournal/NerfJournal.entitlements;
				CODE_SIGN_STYLE = Automatic;
				COMBINE_HIDPI_IMAGES = YES;
				CURRENT_PROJECT_VERSION = 1;
				DEAD_CODE_STRIPPING = YES;
				DEVELOPMENT_TEAM = RF24M9W2UV;
				ENABLE_APP_SANDBOX = YES;
				ENABLE_HARDENED_RUNTIME = YES;
				ENABLE_INCOMING_NETWORK_CONNECTIONS = NO;
				ENABLE_OUTGOING_NETWORK_CONNECTIONS = NO;
				ENABLE_RESOURCE_ACCESS_AUDIO_INPUT = NO;
				ENABLE_RESOURCE_ACCESS_BLUETOOTH = NO;
				ENABLE_RESOURCE_ACCESS_CALENDARS = NO;
				ENABLE_RESOURCE_ACCESS_CAMERA = NO;
				ENABLE_RESOURCE_ACCESS_CONTACTS = NO;
				ENABLE_RESOURCE_ACCESS_LOCATION = NO;
				ENABLE_RESOURCE_ACCESS_PRINTING = NO;
				ENABLE_RESOURCE_ACCESS_USB = NO;
				GENERATE_INFOPLIST_FILE = YES;
				INFOPLIST_KEY_CFBundleDisplayName = NerfJournal;
				INFOPLIST_KEY_LSApplicationCategoryType = "public.app-category.productivity";
				INFOPLIST_KEY_NSHumanReadableCopyright = "";
				INFOPLIST_KEY_NSPrincipalClass = NSApplication;
				LD_RUNPATH_SEARCH_PATHS = (
					"$(inherited)",
					"@executable_path/../Frameworks",
				);
				MARKETING_VERSION = 0.1;
				PRODUCT_BUNDLE_IDENTIFIER = org.rjbs.nerfjournal;
				PRODUCT_NAME = "$(TARGET_NAME)";
				SWIFT_EMIT_LOC_STRINGS = YES;
				SWIFT_VERSION = 5.0;
			};
			name = Debug;
		};
		83CBBA051A601CBA00E9B192 /* Release */ = {
			isa = XCBuildConfiguration;
			buildSettings = {
				ASSETCATALOG_COMPILER_APPICON_NAME = AppIcon;
				ASSETCATALOG_COMPILER_GLOBAL_ACCENT_COLOR_NAME = AccentColor;
				ASSETCATALOG_COMPILER_INCLUDE_ALL_APPICON_ASSETS = YES;
				CODE_SIGN_ENTITLEMENTS = NerfJournal/NerfJournal.entitlements;
				CODE_SIGN_STYLE = Automatic;
				COMBINE_HIDPI_IMAGES = YES;
				CURRENT_PROJECT_VERSION = 1;
				DEAD_CODE_STRIPPING = YES;
				DEVELOPMENT_TEAM = RF24M9W2UV;
				ENABLE_APP_SANDBOX = YES;
				ENABLE_HARDENED_RUNTIME = YES;
				ENABLE_INCOMING_NETWORK_CONNECTIONS = NO;
				ENABLE_OUTGOING_NETWORK_CONNECTIONS = NO;
				ENABLE_RESOURCE_ACCESS_AUDIO_INPUT = NO;
				ENABLE_RESOURCE_ACCESS_BLUETOOTH = NO;
				ENABLE_RESOURCE_ACCESS_CALENDARS = NO;
				ENABLE_RESOURCE_ACCESS_CAMERA = NO;
				ENABLE_RESOURCE_ACCESS_CONTACTS = NO;
				ENABLE_RESOURCE_ACCESS_LOCATION = NO;
				ENABLE_RESOURCE_ACCESS_PRINTING = NO;
				ENABLE_RESOURCE_ACCESS_USB = NO;
				GENERATE_INFOPLIST_FILE = YES;
				INFOPLIST_KEY_CFBundleDisplayName = NerfJournal;
				INFOPLIST_KEY_LSApplicationCategoryType = "public.app-category.productivity";
				INFOPLIST_KEY_NSHumanReadableCopyright = "";
				INFOPLIST_KEY_NSPrincipalClass = NSApplication;
				LD_RUNPATH_SEARCH_PATHS = (
					"$(inherited)",
					"@executable_path/../Frameworks",
				);
				MARKETING_VERSION = 0.1;
				PRODUCT_BUNDLE_IDENTIFIER = org.rjbs.nerfjournal;
				PRODUCT_NAME = "$(TARGET_NAME)";
				SWIFT_EMIT_LOC_STRINGS = YES;
				SWIFT_VERSION = 5.0;
			};
			name = Release;
		};
/* End XCBuildConfiguration section */

/* Begin XCConfigurationList section */
		83CBB9F91A601CBA00E9B192 /* Build configuration list for PBXProject "NerfJournal" */ = {
			isa = XCConfigurationList;
			buildConfigurations = (
				83CBBA021A601CBA00E9B192 /* Debug */,
				83CBBA031A601CBA00E9B192 /* Release */,
			);
			defaultConfigurationIsVisible = 0;
			defaultConfigurationName = Release;
		};
		83CBBA011A601CBA00E9B192 /* Build configuration list for PBXNativeTarget "NerfJournal" */ = {
			isa = XCConfigurationList;
			buildConfigurations = (
				83CBBA041A601CBA00E9B192 /* Debug */,
				83CBBA051A601CBA00E9B192 /* Release */,
			);
			defaultConfigurationIsVisible = 0;
			defaultConfigurationName = Release;
		};
/* End XCConfigurationList section */

/* Begin XCRemoteSwiftPackageReference section */
		3DA15FB32F537A45004D38F5 /* XCRemoteSwiftPackageReference "GRDB" */ = {
			isa = XCRemoteSwiftPackageReference;
			repositoryURL = "https://github.com/groue/GRDB.swift";
			requirement = {
				branch = master;
				kind = branch;
			};
		};
/* End XCRemoteSwiftPackageReference section */

/* Begin XCSwiftPackageProductDependency section */
		3DA15FB42F537A45004D38F5 /* GRDB */ = {
			isa = XCSwiftPackageProductDependency;
			package = 3DA15FB32F537A45004D38F5 /* XCRemoteSwiftPackageReference "GRDB" */;
			productName = GRDB;
		};
/* End XCSwiftPackageProductDependency section */
	};
	rootObject = 83CBB9F71A601CBA00E9B192 /* Project object */;
}
